# This file was autogenerated by Stack.
# You should not edit this file by hand.
# For more information, please see the documentation at:
#   https://docs.haskellstack.org/en/stable/lock_files

packages:
- completed:
    size: 126536
    subdir: hexyll-core
    url: https://github.com/Hexirp/hexirp-hakyll/archive/00414c9f4a581bf5d7a5bb727e3bbfb10ae8da0d.tar.gz
    cabal-file:
      size: 8446
      sha256: f4464a20b9c6c4647d1927684e89ff24d24a2e62f7f8ae8b30c7945e453c32ef
    name: hexyll-core
    version: 0.1.0.0
    sha256: 22b7ccd4515ee8a8858623dc6718368ec1d87e815cc43cccfc9e603a334b4a88
    pantry-tree:
      size: 5272
      sha256: aba7670fb4638f85a28a625a9c1ca3630c296f12d63af54a3c43d0c35639585f
  original:
    subdir: hexyll-core
    url: https://github.com/Hexirp/hexirp-hakyll/archive/00414c9f4a581bf5d7a5bb727e3bbfb10ae8da0d.tar.gz
- completed:
    size: 126536
    subdir: hexyll
    url: https://github.com/Hexirp/hexirp-hakyll/archive/00414c9f4a581bf5d7a5bb727e3bbfb10ae8da0d.tar.gz
    cabal-file:
      size: 4601
      sha256: 6807fd12879cc3cdae6c5be3b59a2b9f90f729adf4413cff0ab846accdb75ccb
    name: hexyll
    version: 0.1.0.0
    sha256: 22b7ccd4515ee8a8858623dc6718368ec1d87e815cc43cccfc9e603a334b4a88
    pantry-tree:
      size: 3448
      sha256: 5b82da3267727de3b82b1d938ca033d528fb7487e043e907ece4592c6ad003dd
  original:
    subdir: hexyll
    url: https://github.com/Hexirp/hexirp-hakyll/archive/00414c9f4a581bf5d7a5bb727e3bbfb10ae8da0d.tar.gz
- completed:
    size: 126536
    subdir: hexyll-pandoc
    url: https://github.com/Hexirp/hexirp-hakyll/archive/00414c9f4a581bf5d7a5bb727e3bbfb10ae8da0d.tar.gz
    cabal-file:
      size: 2913
      sha256: 5b5be69228a99f2b638ea0a56e5a60218347ce0a02e784198c6c8dd4070655f3
    name: hexyll-pandoc
    version: 0.1.0.0
    sha256: 22b7ccd4515ee8a8858623dc6718368ec1d87e815cc43cccfc9e603a334b4a88
    pantry-tree:
      size: 1851
      sha256: 86b99d491b176afac599f24f005a43ddbfda25bfabcc524f589e8d5860b5549d
  original:
    subdir: hexyll-pandoc
    url: https://github.com/Hexirp/hexirp-hakyll/archive/00414c9f4a581bf5d7a5bb727e3bbfb10ae8da0d.tar.gz
snapshots:
- completed:
    size: 509471
    url: https://raw.githubusercontent.com/commercialhaskell/stackage-snapshots/master/lts/12/26.yaml
    sha256: 95f014df58d0679b1c4a2b7bf2b652b61da8d30de5f571abb0d59015ef678646
  original: lts-12.26
