# This file was autogenerated by Stack.
# You should not edit this file by hand.
# For more information, please see the documentation at:
#   https://docs.haskellstack.org/en/stable/lock_files

packages:
- completed:
    size: 120722
    subdir: hexyll-core
    url: https://github.com/Hexirp/hexirp-hakyll/archive/c1b4b75ca9a4e01eca9b8144f947543ed6e9e1a1.tar.gz
    cabal-file:
      size: 8178
      sha256: b3550d9cfc2e86c14bd821fe44b02b016bd26dec7501ac12ff388da8fb2e9e13
    name: hexyll-core
    version: 0.1.0.0
    sha256: 507cfc4abad0c6cabb2465e5f5155e504ba73db07e9631575cc346397c900bab
    pantry-tree:
      size: 5273
      sha256: 7bd76f7fe2994d2a629d20c14a8b1e76a7b18d3ff72ba9f66ec03388a191f8f2
  original:
    subdir: hexyll-core
    url: https://github.com/Hexirp/hexirp-hakyll/archive/c1b4b75ca9a4e01eca9b8144f947543ed6e9e1a1.tar.gz
- completed:
    size: 120722
    subdir: hexyll
    url: https://github.com/Hexirp/hexirp-hakyll/archive/c1b4b75ca9a4e01eca9b8144f947543ed6e9e1a1.tar.gz
    cabal-file:
      size: 4601
      sha256: 6807fd12879cc3cdae6c5be3b59a2b9f90f729adf4413cff0ab846accdb75ccb
    name: hexyll
    version: 0.1.0.0
    sha256: 507cfc4abad0c6cabb2465e5f5155e504ba73db07e9631575cc346397c900bab
    pantry-tree:
      size: 3448
      sha256: 9a5af33acfde5ddbd80274c0ccda4e53571bb09ee99b2ad71fd27074d58189b1
  original:
    subdir: hexyll
    url: https://github.com/Hexirp/hexirp-hakyll/archive/c1b4b75ca9a4e01eca9b8144f947543ed6e9e1a1.tar.gz
- completed:
    size: 120722
    subdir: hexyll-pandoc
    url: https://github.com/Hexirp/hexirp-hakyll/archive/c1b4b75ca9a4e01eca9b8144f947543ed6e9e1a1.tar.gz
    cabal-file:
      size: 2913
      sha256: 5b5be69228a99f2b638ea0a56e5a60218347ce0a02e784198c6c8dd4070655f3
    name: hexyll-pandoc
    version: 0.1.0.0
    sha256: 507cfc4abad0c6cabb2465e5f5155e504ba73db07e9631575cc346397c900bab
    pantry-tree:
      size: 1851
      sha256: 86b99d491b176afac599f24f005a43ddbfda25bfabcc524f589e8d5860b5549d
  original:
    subdir: hexyll-pandoc
    url: https://github.com/Hexirp/hexirp-hakyll/archive/c1b4b75ca9a4e01eca9b8144f947543ed6e9e1a1.tar.gz
snapshots:
- completed:
    size: 509471
    url: https://raw.githubusercontent.com/commercialhaskell/stackage-snapshots/master/lts/12/26.yaml
    sha256: 95f014df58d0679b1c4a2b7bf2b652b61da8d30de5f571abb0d59015ef678646
  original: lts-12.26
