# This file was autogenerated by Stack.
# You should not edit this file by hand.
# For more information, please see the documentation at:
#   https://docs.haskellstack.org/en/stable/lock_files

packages:
- completed:
    size: 126636
    subdir: hexyll-core
    url: https://github.com/Hexirp/hexirp-hakyll/archive/4e5195e33558cee7b7acf97846fbe3ad76d38b47.tar.gz
    cabal-file:
      size: 8446
      sha256: f4464a20b9c6c4647d1927684e89ff24d24a2e62f7f8ae8b30c7945e453c32ef
    name: hexyll-core
    version: 0.1.0.0
    sha256: 97129b70245e4fc1c80737021fefa0f846194da431e6ca93dbe683f4d0a0762d
    pantry-tree:
      size: 5272
      sha256: 5aeabea1609d6c9776a02c2ec8e06fc320df15b5bbd8bdfa266c1c58a935d06b
  original:
    subdir: hexyll-core
    url: https://github.com/Hexirp/hexirp-hakyll/archive/4e5195e33558cee7b7acf97846fbe3ad76d38b47.tar.gz
- completed:
    size: 126636
    subdir: hexyll
    url: https://github.com/Hexirp/hexirp-hakyll/archive/4e5195e33558cee7b7acf97846fbe3ad76d38b47.tar.gz
    cabal-file:
      size: 4601
      sha256: 6807fd12879cc3cdae6c5be3b59a2b9f90f729adf4413cff0ab846accdb75ccb
    name: hexyll
    version: 0.1.0.0
    sha256: 97129b70245e4fc1c80737021fefa0f846194da431e6ca93dbe683f4d0a0762d
    pantry-tree:
      size: 3448
      sha256: 3499ad5b84fa1151800f8eae38301427b08148d7ff12a7a658db19d6606f6d5d
  original:
    subdir: hexyll
    url: https://github.com/Hexirp/hexirp-hakyll/archive/4e5195e33558cee7b7acf97846fbe3ad76d38b47.tar.gz
- completed:
    size: 126636
    subdir: hexyll-pandoc
    url: https://github.com/Hexirp/hexirp-hakyll/archive/4e5195e33558cee7b7acf97846fbe3ad76d38b47.tar.gz
    cabal-file:
      size: 2913
      sha256: 5b5be69228a99f2b638ea0a56e5a60218347ce0a02e784198c6c8dd4070655f3
    name: hexyll-pandoc
    version: 0.1.0.0
    sha256: 97129b70245e4fc1c80737021fefa0f846194da431e6ca93dbe683f4d0a0762d
    pantry-tree:
      size: 1851
      sha256: 86b99d491b176afac599f24f005a43ddbfda25bfabcc524f589e8d5860b5549d
  original:
    subdir: hexyll-pandoc
    url: https://github.com/Hexirp/hexirp-hakyll/archive/4e5195e33558cee7b7acf97846fbe3ad76d38b47.tar.gz
snapshots:
- completed:
    size: 509471
    url: https://raw.githubusercontent.com/commercialhaskell/stackage-snapshots/master/lts/12/26.yaml
    sha256: 95f014df58d0679b1c4a2b7bf2b652b61da8d30de5f571abb0d59015ef678646
  original: lts-12.26
